// !$*UTF8*$!
{
	archiveVersion = 1;
	classes = {
	};
	objectVersion = 50;
	objects = {

/* Begin PBXBuildFile section */
		423729E121F869ED00488EFC /* AppDelegate.swift in Sources */ = {isa = PBXBuildFile; fileRef = 423729E021F869ED00488EFC /* AppDelegate.swift */; };
		423729E321F869ED00488EFC /* ViewController.swift in Sources */ = {isa = PBXBuildFile; fileRef = 423729E221F869ED00488EFC /* ViewController.swift */; };
		423729E621F869ED00488EFC /* Main.storyboard in Resources */ = {isa = PBXBuildFile; fileRef = 423729E421F869ED00488EFC /* Main.storyboard */; };
		423729E821F869EE00488EFC /* Assets.xcassets in Resources */ = {isa = PBXBuildFile; fileRef = 423729E721F869EE00488EFC /* Assets.xcassets */; };
		423729EB21F869EE00488EFC /* LaunchScreen.storyboard in Resources */ = {isa = PBXBuildFile; fileRef = 423729E921F869EE00488EFC /* LaunchScreen.storyboard */; };
		423729F721F86B3300488EFC /* Model.swift in Sources */ = {isa = PBXBuildFile; fileRef = 423729F621F86B3300488EFC /* Model.swift */; };
		423729F921F86B7600488EFC /* Presenter.swift in Sources */ = {isa = PBXBuildFile; fileRef = 423729F821F86B7600488EFC /* Presenter.swift */; };
/* End PBXBuildFile section */

/* Begin PBXFileReference section */
		423729DD21F869ED00488EFC /* MVP_Demo.app */ = {isa = PBXFileReference; explicitFileType = wrapper.application; includeInIndex = 0; path = MVP_Demo.app; sourceTree = BUILT_PRODUCTS_DIR; };
		423729E021F869ED00488EFC /* AppDelegate.swift */ = {isa = PBXFileReference; lastKnownFileType = sourcecode.swift; path = AppDelegate.swift; sourceTree = "<group>"; };
		423729E221F869ED00488EFC /* ViewController.swift */ = {isa = PBXFileReference; lastKnownFileType = sourcecode.swift; path = ViewController.swift; sourceTree = "<group>"; };
		423729E521F869ED00488EFC /* Base */ = {isa = PBXFileReference; lastKnownFileType = file.storyboard; name = Base; path = Base.lproj/Main.storyboard; sourceTree = "<group>"; };
		423729E721F869EE00488EFC /* Assets.xcassets */ = {isa = PBXFileReference; lastKnownFileType = folder.assetcatalog; path = Assets.xcassets; sourceTree = "<group>"; };
		423729EA21F869EE00488EFC /* Base */ = {isa = PBXFileReference; lastKnownFileType = file.storyboard; name = Base; path = Base.lproj/LaunchScreen.storyboard; sourceTree = "<group>"; };
		423729EC21F869EE00488EFC /* Info.plist */ = {isa = PBXFileReference; lastKnownFileType = text.plist.xml; path = Info.plist; sourceTree = "<group>"; };
		423729F621F86B3300488EFC /* Model.swift */ = {isa = PBXFileReference; lastKnownFileType = sourcecode.swift; path = Model.swift; sourceTree = "<group>"; };
		423729F821F86B7600488EFC /* Presenter.swift */ = {isa = PBXFileReference; lastKnownFileType = sourcecode.swift; path = Presenter.swift; sourceTree = "<group>"; };
/* End PBXFileReference section */

/* Begin PBXFrameworksBuildPhase section */
		423729DA21F869ED00488EFC /* Frameworks */ = {
			isa = PBXFrameworksBuildPhase;
			buildActionMask = 2147483647;
			files = (
			);
			runOnlyForDeploymentPostprocessing = 0;
		};
/* End PBXFrameworksBuildPhase section */

/* Begin PBXGroup section */
		423729D421F869ED00488EFC = {
			isa = PBXGroup;
			children = (
				423729DF21F869ED00488EFC /* MVP_Demo */,
				423729DE21F869ED00488EFC /* Products */,
			);
			sourceTree = "<group>";
		};
		423729DE21F869ED00488EFC /* Products */ = {
			isa = PBXGroup;
			children = (
				423729DD21F869ED00488EFC /* MVP_Demo.app */,
			);
			name = Products;
			sourceTree = "<group>";
		};
		423729DF21F869ED00488EFC /* MVP_Demo */ = {
			isa = PBXGroup;
			children = (
				423729F421F86A1400488EFC /* Model */,
				423729F321F86A0F00488EFC /* View */,
				423729F221F86A0A00488EFC /* Preseneter */,
				423729E021F869ED00488EFC /* AppDelegate.swift */,
				423729E721F869EE00488EFC /* Assets.xcassets */,
				423729E921F869EE00488EFC /* LaunchScreen.storyboard */,
				423729EC21F869EE00488EFC /* Info.plist */,
			);
			path = MVP_Demo;
			sourceTree = "<group>";
		};
		423729F221F86A0A00488EFC /* Preseneter */ = {
			isa = PBXGroup;
			children = (
				423729F821F86B7600488EFC /* Presenter.swift */,
			);
			path = Preseneter;
			sourceTree = "<group>";
		};
		423729F321F86A0F00488EFC /* View */ = {
			isa = PBXGroup;
			children = (
				423729E421F869ED00488EFC /* Main.storyboard */,
				423729E221F869ED00488EFC /* ViewController.swift */,
			);
			path = View;
			sourceTree = "<group>";
		};
		423729F421F86A1400488EFC /* Model */ = {
			isa = PBXGroup;
			children = (
				423729F621F86B3300488EFC /* Model.swift */,
			);
			path = Model;
			sourceTree = "<group>";
		};
/* End PBXGroup section */

/* Begin PBXNativeTarget section */
		423729DC21F869ED00488EFC /* MVP_Demo */ = {
			isa = PBXNativeTarget;
			buildConfigurationList = 423729EF21F869EE00488EFC /* Build configuration list for PBXNativeTarget "MVP_Demo" */;
			buildPhases = (
				423729D921F869ED00488EFC /* Sources */,
				423729DA21F869ED00488EFC /* Frameworks */,
				423729DB21F869ED00488EFC /* Resources */,
			);
			buildRules = (
			);
			dependencies = (
			);
			name = MVP_Demo;
			productName = MVP_Demo;
			productReference = 423729DD21F869ED00488EFC /* MVP_Demo.app */;
			productType = "com.apple.product-type.application";
		};
/* End PBXNativeTarget section */

/* Begin PBXProject section */
		423729D521F869ED00488EFC /* Project object */ = {
			isa = PBXProject;
			attributes = {
				LastSwiftUpdateCheck = 1010;
				LastUpgradeCheck = 1010;
				ORGANIZATIONNAME = ChrisYoung;
				TargetAttributes = {
					423729DC21F869ED00488EFC = {
						CreatedOnToolsVersion = 10.1;
					};
				};
			};
			buildConfigurationList = 423729D821F869ED00488EFC /* Build configuration list for PBXProject "MVP_Demo" */;
			compatibilityVersion = "Xcode 9.3";
			developmentRegion = en;
			hasScannedForEncodings = 0;
			knownRegions = (
				en,
				Base,
			);
			mainGroup = 423729D421F869ED00488EFC;
			productRefGroup = 423729DE21F869ED00488EFC /* Products */;
			projectDirPath = "";
			projectRoot = "";
			targets = (
				423729DC21F869ED00488EFC /* MVP_Demo */,
			);
		};
/* End PBXProject section */

/* Begin PBXResourcesBuildPhase section */
		423729DB21F869ED00488EFC /* Resources */ = {
			isa = PBXResourcesBuildPhase;
			buildActionMask = 2147483647;
			files = (
				423729EB21F869EE00488EFC /* LaunchScreen.storyboard in Resources */,
				423729E821F869EE00488EFC /* Assets.xcassets in Resources */,
				423729E621F869ED00488EFC /* Main.storyboard in Resources */,
			);
			runOnlyForDeploymentPostprocessing = 0;
		};
/* End PBXResourcesBuildPhase section */

/* Begin PBXSourcesBuildPhase section */
		423729D921F869ED00488EFC /* Sources */ = {
			isa = PBXSourcesBuildPhase;
			buildActionMask = 2147483647;
			files = (
				423729F721F86B3300488EFC /* Model.swift in Sources */,
				423729E321F869ED00488EFC /* ViewController.swift in Sources */,
				423729F921F86B7600488EFC /* Presenter.swift in Sources */,
				423729E121F869ED00488EFC /* AppDelegate.swift in Sources */,
			);
			runOnlyForDeploymentPostprocessing = 0;
		};
/* End PBXSourcesBuildPhase section */

/* Begin PBXVariantGroup section */
		423729E421F869ED00488EFC /* Main.storyboard */ = {
			isa = PBXVariantGroup;
			children = (
				423729E521F869ED00488EFC /* Base */,
			);
			name = Main.storyboard;
			sourceTree = "<group>";
		};
		423729E921F869EE00488EFC /* LaunchScreen.storyboard */ = {
			isa = PBXVariantGroup;
			children = (
				423729EA21F869EE00488EFC /* Base */,
			);
			name = LaunchScreen.storyboard;
			sourceTree = "<group>";
		};
/* End PBXVariantGroup section */

/* Begin XCBuildConfiguration section */
		423729ED21F869EE00488EFC /* Debug */ = {
			isa = XCBuildConfiguration;
			buildSettings = {
				ALWAYS_SEARCH_USER_PATHS = NO;
				CLANG_ANALYZER_NONNULL = YES;
				CLANG_ANALYZER_NUMBER_OBJECT_CONVERSION = YES_AGGRESSIVE;
				CLANG_CXX_LANGUAGE_STANDARD = "gnu++14";
				CLANG_CXX_LIBRARY = "libc++";
				CLANG_ENABLE_MODULES = YES;
				CLANG_ENABLE_OBJC_ARC = YES;
				CLANG_ENABLE_OBJC_WEAK = YES;
				CLANG_WARN_BLOCK_CAPTURE_AUTORELEASING = YES;
				CLANG_WARN_BOOL_CONVERSION = YES;
				CLANG_WARN_COMMA = YES;
				CLANG_WARN_CONSTANT_CONVERSION = YES;
				CLANG_WARN_DEPRECATED_OBJC_IMPLEMENTATIONS = YES;
				CLANG_WARN_DIRECT_OBJC_ISA_USAGE = YES_ERROR;
				CLANG_WARN_DOCUMENTATION_COMMENTS = YES;
				CLANG_WARN_EMPTY_BODY = YES;
				CLANG_WARN_ENUM_CONVERSION = YES;
				CLANG_WARN_INFINITE_RECURSION = YES;
				CLANG_WARN_INT_CONVERSION = YES;
				CLANG_WARN_NON_LITERAL_NULL_CONVERSION = YES;
				CLANG_WARN_OBJC_IMPLICIT_RETAIN_SELF = YES;
				CLANG_WARN_OBJC_LITERAL_CONVERSION = YES;
				CLANG_WARN_OBJC_ROOT_CLASS = YES_ERROR;
				CLANG_WARN_RANGE_LOOP_ANALYSIS = YES;
				CLANG_WARN_STRICT_PROTOTYPES = YES;
				CLANG_WARN_SUSPICIOUS_MOVE = YES;
				CLANG_WARN_UNGUARDED_AVAILABILITY = YES_AGGRESSIVE;
				CLANG_WARN_UNREACHABLE_CODE = YES;
				CLANG_WARN__DUPLICATE_METHOD_MATCH = YES;
				CODE_SIGN_IDENTITY = "iPhone Developer";
				COPY_PHASE_STRIP = NO;
				DEBUG_INFORMATION_FORMAT = dwarf;
				ENABLE_STRICT_OBJC_MSGSEND = YES;
				ENABLE_TESTABILITY = YES;
				GCC_C_LANGUAGE_STANDARD = gnu11;
				GCC_DYNAMIC_NO_PIC = NO;
				GCC_NO_COMMON_BLOCKS = YES;
				GCC_OPTIMIZATION_LEVEL = 0;
				GCC_PREPROCESSOR_DEFINITIONS = (
					"DEBUG=1",
					"$(inherited)",
				);
				GCC_WARN_64_TO_32_BIT_CONVERSION = YES;
				GCC_WARN_ABOUT_RETURN_TYPE = YES_ERROR;
				GCC_WARN_UNDECLARED_SELECTOR = YES;
				GCC_WARN_UNINITIALIZED_AUTOS = YES_AGGRESSIVE;
				GCC_WARN_UNUSED_FUNCTION = YES;
				GCC_WARN_UNUSED_VARIABLE = YES;
				IPHONEOS_DEPLOYMENT_TARGET = 12.1;
				MTL_ENABLE_DEBUG_INFO = INCLUDE_SOURCE;
				MTL_FAST_MATH = YES;
				ONLY_ACTIVE_ARCH = YES;
				SDKROOT = iphoneos;
				SWIFT_ACTIVE_COMPILATION_CONDITIONS = DEBUG;
				SWIFT_OPTIMIZATION_LEVEL = "-Onone";
			};
			name = Debug;
		};
		423729EE21F869EE00488EFC /* Release */ = {
			isa = XCBuildConfiguration;
			buildSettings = {
				ALWAYS_SEARCH_USER_PATHS = NO;
				CLANG_ANALYZER_NONNULL = YES;
				CLANG_ANALYZER_NUMBER_OBJECT_CONVERSION = YES_AGGRESSIVE;
				CLANG_CXX_LANGUAGE_STANDARD = "gnu++14";
				CLANG_CXX_LIBRARY = "libc++";
				CLANG_ENABLE_MODULES = YES;
				CLANG_ENABLE_OBJC_ARC = YES;
				CLANG_ENABLE_OBJC_WEAK = YES;
				CLANG_WARN_BLOCK_CAPTURE_AUTORELEASING = YES;
				CLANG_WARN_BOOL_CONVERSION = YES;
				CLANG_WARN_COMMA = YES;
				CLANG_WARN_CONSTANT_CONVERSION = YES;
				CLANG_WARN_DEPRECATED_OBJC_IMPLEMENTATIONS = YES;
				CLANG_WARN_DIRECT_OBJC_ISA_USAGE = YES_ERROR;
				CLANG_WARN_DOCUMENTATION_COMMENTS = YES;
				CLANG_WARN_EMPTY_BODY = YES;
				CLANG_WARN_ENUM_CONVERSION = YES;
				CLANG_WARN_INFINITE_RECURSION = YES;
				CLANG_WARN_INT_CONVERSION = YES;
				CLANG_WARN_NON_LITERAL_NULL_CONVERSION = YES;
				CLANG_WARN_OBJC_IMPLICIT_RETAIN_SELF = YES;
				CLANG_WARN_OBJC_LITERAL_CONVERSION = YES;
				CLANG_WARN_OBJC_ROOT_CLASS = YES_ERROR;
				CLANG_WARN_RANGE_LOOP_ANALYSIS = YES;
				CLANG_WARN_STRICT_PROTOTYPES = YES;
				CLANG_WARN_SUSPICIOUS_MOVE = YES;
				CLANG_WARN_UNGUARDED_AVAILABILITY = YES_AGGRESSIVE;
				CLANG_WARN_UNREACHABLE_CODE = YES;
				CLANG_WARN__DUPLICATE_METHOD_MATCH = YES;
				CODE_SIGN_IDENTITY = "iPhone Developer";
				COPY_PHASE_STRIP = NO;
				DEBUG_INFORMATION_FORMAT = "dwarf-with-dsym";
				ENABLE_NS_ASSERTIONS = NO;
				ENABLE_STRICT_OBJC_MSGSEND = YES;
				GCC_C_LANGUAGE_STANDARD = gnu11;
				GCC_NO_COMMON_BLOCKS = YES;
				GCC_WARN_64_TO_32_BIT_CONVERSION = YES;
				GCC_WARN_ABOUT_RETURN_TYPE = YES_ERROR;
				GCC_WARN_UNDECLARED_SELECTOR = YES;
				GCC_WARN_UNINITIALIZED_AUTOS = YES_AGGRESSIVE;
				GCC_WARN_UNUSED_FUNCTION = YES;
				GCC_WARN_UNUSED_VARIABLE = YES;
				IPHONEOS_DEPLOYMENT_TARGET = 12.1;
				MTL_ENABLE_DEBUG_INFO = NO;
				MTL_FAST_MATH = YES;
				SDKROOT = iphoneos;
				SWIFT_COMPILATION_MODE = wholemodule;
				SWIFT_OPTIMIZATION_LEVEL = "-O";
				VALIDATE_PRODUCT = YES;
			};
			name = Release;
		};
		423729F021F869EE00488EFC /* Debug */ = {
			isa = XCBuildConfiguration;
			buildSettings = {
				ASSETCATALOG_COMPILER_APPICON_NAME = AppIcon;
				CODE_SIGN_STYLE = Automatic;
				DEVELOPMENT_TEAM = T9EWCF83UK;
				INFOPLIST_FILE = MVP_Demo/Info.plist;
				LD_RUNPATH_SEARCH_PATHS = (
					"$(inherited)",
					"@executable_path/Frameworks",
				);
				PRODUCT_BUNDLE_IDENTIFIER = "com.chrisyoung.MVP-Demo";
				PRODUCT_NAME = "$(TARGET_NAME)";
				SWIFT_VERSION = 4.2;
				TARGETED_DEVICE_FAMILY = "1,2";
			};
			name = Debug;
		};
		423729F121F869EE00488EFC /* Release */ = {
			isa = XCBuildConfiguration;
			buildSettings = {
				ASSETCATALOG_COMPILER_APPICON_NAME = AppIcon;
				CODE_SIGN_STYLE = Automatic;
				DEVELOPMENT_TEAM = T9EWCF83UK;
				INFOPLIST_FILE = MVP_Demo/Info.plist;
				LD_RUNPATH_SEARCH_PATHS = (
					"$(inherited)",
					"@executable_path/Frameworks",
				);
				PRODUCT_BUNDLE_IDENTIFIER = "com.chrisyoung.MVP-Demo";
				PRODUCT_NAME = "$(TARGET_NAME)";
				SWIFT_VERSION = 4.2;
				TARGETED_DEVICE_FAMILY = "1,2";
			};
			name = Release;
		};
/* End XCBuildConfiguration section */

/* Begin XCConfigurationList section */
		423729D821F869ED00488EFC /* Build configuration list for PBXProject "MVP_Demo" */ = {
			isa = XCConfigurationList;
			buildConfigurations = (
				423729ED21F869EE00488EFC /* Debug */,
				423729EE21F869EE00488EFC /* Release */,
			);
			defaultConfigurationIsVisible = 0;
			defaultConfigurationName = Release;
		};
		423729EF21F869EE00488EFC /* Build configuration list for PBXNativeTarget "MVP_Demo" */ = {
			isa = XCConfigurationList;
			buildConfigurations = (
				423729F021F869EE00488EFC /* Debug */,
				423729F121F869EE00488EFC /* Release */,
			);
			defaultConfigurationIsVisible = 0;
			defaultConfigurationName = Release;
		};
/* End XCConfigurationList section */
	};
	rootObject = 423729D521F869ED00488EFC /* Project object */;
}
